
Microsoft Visual Studio Solution File, Format Version 12.00
# Visual Studio Version 17
VisualStudioVersion = 17.5.33627.172
MinimumVisualStudioVersion = 10.0.40219.1
Project("{FAE04EC0-301F-11D3-BF4B-00C04F79EFBC}") = "WhiteBinTools_dll", "WhiteBinTools_dll.csproj", "{EA394619-CB05-4E14-8FA9-7D2064C4DF00}"
EndProject
Global
	GlobalSection(SolutionConfigurationPlatforms) = preSolution
		Debug|Any CPU = Debug|Any CPU
		Release|Any CPU = Release|Any CPU
	EndGlobalSection
	GlobalSection(ProjectConfigurationPlatforms) = postSolution
		{EA394619-CB05-4E14-8FA9-7D2064C4DF00}.Debug|Any CPU.ActiveCfg = Debug|Any CPU
		{EA394619-CB05-4E14-8FA9-7D2064C4DF00}.Debug|Any CPU.Build.0 = Debug|Any CPU
		{EA394619-CB05-4E14-8FA9-7D2064C4DF00}.Release|Any CPU.ActiveCfg = Release|Any CPU
		{EA394619-CB05-4E14-8FA9-7D2064C4DF00}.Release|Any CPU.Build.0 = Release|Any CPU
	EndGlobalSection
	GlobalSection(SolutionProperties) = preSolution
		HideSolutionNode = FALSE
	EndGlobalSection
	GlobalSection(ExtensibilityGlobals) = postSolution
		SolutionGuid = {0864F4FF-EBB1-472A-BA11-F36581DF5DD9}
	EndGlobalSection
EndGlobal
